// !$*UTF8*$!
{
	archiveVersion = 1;
	classes = {
	};
	objectVersion = 54;
	objects = {

/* Begin PBXBuildFile section */
		0C80B921A6F3F58F76C31292 /* libPods-App.a in Frameworks */ = {isa = PBXBuildFile; fileRef = 5DCACB8F33CDC322A6C60F78 /* libPods-App.a */; };
		13B07FBF1A68108700A75B9A /* Images.xcassets in Resources */ = {isa = PBXBuildFile; fileRef = 13B07FB51A68108700A75B9A /* Images.xcassets */; };
		761780ED2CA45674006654EE /* AppDelegate.swift in Sources */ = {isa = PBXBuildFile; fileRef = 761780EC2CA45674006654EE /* AppDelegate.swift */; };
		81AB9BB82411601600AC10FF /* LaunchScreen.storyboard in Resources */ = {isa = PBXBuildFile; fileRef = 81AB9BB72411601600AC10FF /* LaunchScreen.storyboard */; };
		9DF9CF973AB33A3581E46555 /* PrivacyInfo.xcprivacy in Resources */ = {isa = PBXBuildFile; fileRef = 13B07FB81A68108700A75B9A /* PrivacyInfo.xcprivacy */; };
		D6260AD5D9AF4AEDA3ECF101 /* RobotoSlab-Medium.ttf in Resources */ = {isa = PBXBuildFile; fileRef = B0FB132F9965476DA4ACE30B /* RobotoSlab-Medium.ttf */; };
		B42B18C6ACE349CD905DDF14 /* Inter-Medium.ttf in Resources */ = {isa = PBXBuildFile; fileRef = 7923F4F5FAC84A2EA4263631 /* Inter-Medium.ttf */; };
		B211BCA587044151BB7E17B0 /* RobotoSlab-SemiBold.ttf in Resources */ = {isa = PBXBuildFile; fileRef = AF5A76296EA242EEB7A50E34 /* RobotoSlab-SemiBold.ttf */; };
		FEAC328E6A434706BB2F6A7D /* Oswald-Bold.ttf in Resources */ = {isa = PBXBuildFile; fileRef = 577AC9E3879F43699493089C /* Oswald-Bold.ttf */; };
		7E4EEE28684D4164B50874D3 /* RobotoSlab-ExtraBold.ttf in Resources */ = {isa = PBXBuildFile; fileRef = DB4D34FD2ACA478EB9D2A27F /* RobotoSlab-ExtraBold.ttf */; };
		D59411A8BCEF46F9A352EA88 /* RobotoSlab-Thin.ttf in Resources */ = {isa = PBXBuildFile; fileRef = DB345EEB2C794E85860C9F9C /* RobotoSlab-Thin.ttf */; };
		563DCF7E31BC47FC81313ADC /* Oswald-SemiBold.ttf in Resources */ = {isa = PBXBuildFile; fileRef = 91CBA3021C0A4689B35F2FFD /* Oswald-SemiBold.ttf */; };
		7D529395B23A4C57BBC709CA /* RobotoSlab-Black.ttf in Resources */ = {isa = PBXBuildFile; fileRef = 737363385B6A42B2B8F36D97 /* RobotoSlab-Black.ttf */; };
		BDB44D44EEA74877813B8316 /* Oswald-Medium.ttf in Resources */ = {isa = PBXBuildFile; fileRef = 037FE5B36F3A4F259329DA19 /* Oswald-Medium.ttf */; };
		6DBBD825FED64042A495E780 /* Inter-Bold.ttf in Resources */ = {isa = PBXBuildFile; fileRef = E46124C352E64B65A24907DB /* Inter-Bold.ttf */; };
		1EB91F55B3984E26A9B787EF /* Inter-Regular.ttf in Resources */ = {isa = PBXBuildFile; fileRef = 3D02BD2684B54CA68C2E9583 /* Inter-Regular.ttf */; };
		588898FF1772436AB7125D42 /* RobotoSlab-Bold.ttf in Resources */ = {isa = PBXBuildFile; fileRef = 65980655CC1E4861885B6572 /* RobotoSlab-Bold.ttf */; };
		0E028E1B74224B2DBF76A765 /* Oswald-Regular.ttf in Resources */ = {isa = PBXBuildFile; fileRef = 23174D2953CD4EFCAAB0B7C5 /* Oswald-Regular.ttf */; };
		C453084C730643FA906D37C3 /* Inter-ExtraBold.ttf in Resources */ = {isa = PBXBuildFile; fileRef = D536FF1D8E564795A62D146A /* Inter-ExtraBold.ttf */; };
		0FE82330CAF9468CAFEA948F /* RobotoSlab-Light.ttf in Resources */ = {isa = PBXBuildFile; fileRef = BEB918EDEE194F8E84008528 /* RobotoSlab-Light.ttf */; };
		924C9BC390AB4316895D770B /* Inter-Black.ttf in Resources */ = {isa = PBXBuildFile; fileRef = 5FE2191D56D9447F9A90AB4B /* Inter-Black.ttf */; };
		FC3BB818B9DF4A93AF2C79B9 /* RobotoSlab-ExtraLight.ttf in Resources */ = {isa = PBXBuildFile; fileRef = 4137683CA3B7447C88395B99 /* RobotoSlab-ExtraLight.ttf */; };
		14004CB8FFD44D11855C560B /* Oswald-ExtraLight.ttf in Resources */ = {isa = PBXBuildFile; fileRef = A3B3886D34CA4896BF4FDF99 /* Oswald-ExtraLight.ttf */; };
		F71943447FE84ABA8E083BC6 /* Inter-SemiBold.ttf in Resources */ = {isa = PBXBuildFile; fileRef = 37AF12D67CA145D8B3C92ED0 /* Inter-SemiBold.ttf */; };
		1F0BE81345A947378246B4AA /* RobotoSlab-Regular.ttf in Resources */ = {isa = PBXBuildFile; fileRef = DA733F8ED54945B588C6B3AF /* RobotoSlab-Regular.ttf */; };
		53FE81A3FE41434081008800 /* Oswald-Light.ttf in Resources */ = {isa = PBXBuildFile; fileRef = F090CE3E7A87405094A8F83F /* Oswald-Light.ttf */; };
/* End PBXBuildFile section */

/* Begin PBXFileReference section */
		13B07F961A680F5B00A75B9A /* App.app */ = {isa = PBXFileReference; explicitFileType = wrapper.application; includeInIndex = 0; path = App.app; sourceTree = BUILT_PRODUCTS_DIR; };
		13B07FB51A68108700A75B9A /* Images.xcassets */ = {isa = PBXFileReference; lastKnownFileType = folder.assetcatalog; name = Images.xcassets; path = App/Images.xcassets; sourceTree = "<group>"; };
		13B07FB61A68108700A75B9A /* Info.plist */ = {isa = PBXFileReference; fileEncoding = 4; lastKnownFileType = text.plist.xml; name = Info.plist; path = App/Info.plist; sourceTree = "<group>"; };
		13B07FB81A68108700A75B9A /* PrivacyInfo.xcprivacy */ = {isa = PBXFileReference; fileEncoding = 4; lastKnownFileType = text.plist.xml; name = PrivacyInfo.xcprivacy; path = App/PrivacyInfo.xcprivacy; sourceTree = "<group>"; };
		3B4392A12AC88292D35C810B /* Pods-App.debug.xcconfig */ = {isa = PBXFileReference; includeInIndex = 1; lastKnownFileType = text.xcconfig; name = "Pods-App.debug.xcconfig"; path = "Target Support Files/Pods-App/Pods-App.debug.xcconfig"; sourceTree = "<group>"; };
		5709B34CF0A7D63546082F79 /* Pods-App.release.xcconfig */ = {isa = PBXFileReference; includeInIndex = 1; lastKnownFileType = text.xcconfig; name = "Pods-App.release.xcconfig"; path = "Target Support Files/Pods-App/Pods-App.release.xcconfig"; sourceTree = "<group>"; };
		5DCACB8F33CDC322A6C60F78 /* libPods-App.a */ = {isa = PBXFileReference; explicitFileType = archive.ar; includeInIndex = 0; path = "libPods-App.a"; sourceTree = BUILT_PRODUCTS_DIR; };
		761780EC2CA45674006654EE /* AppDelegate.swift */ = {isa = PBXFileReference; lastKnownFileType = sourcecode.swift; name = AppDelegate.swift; path = App/AppDelegate.swift; sourceTree = "<group>"; };
		81AB9BB72411601600AC10FF /* LaunchScreen.storyboard */ = {isa = PBXFileReference; fileEncoding = 4; lastKnownFileType = file.storyboard; name = LaunchScreen.storyboard; path = App/LaunchScreen.storyboard; sourceTree = "<group>"; };
		ED297162215061F000B7C4FE /* JavaScriptCore.framework */ = {isa = PBXFileReference; lastKnownFileType = wrapper.framework; name = JavaScriptCore.framework; path = System/Library/Frameworks/JavaScriptCore.framework; sourceTree = SDKROOT; };
		B0FB132F9965476DA4ACE30B /* RobotoSlab-Medium.ttf */ = {isa = PBXFileReference; name = "RobotoSlab-Medium.ttf"; path = "../src/assets/fonts/RobotoSlab-Medium.ttf"; sourceTree = "<group>"; fileEncoding = undefined; lastKnownFileType = unknown; explicitFileType = undefined; includeInIndex = 0; };
		7923F4F5FAC84A2EA4263631 /* Inter-Medium.ttf */ = {isa = PBXFileReference; name = "Inter-Medium.ttf"; path = "../src/assets/fonts/Inter-Medium.ttf"; sourceTree = "<group>"; fileEncoding = undefined; lastKnownFileType = unknown; explicitFileType = undefined; includeInIndex = 0; };
		AF5A76296EA242EEB7A50E34 /* RobotoSlab-SemiBold.ttf */ = {isa = PBXFileReference; name = "RobotoSlab-SemiBold.ttf"; path = "../src/assets/fonts/RobotoSlab-SemiBold.ttf"; sourceTree = "<group>"; fileEncoding = undefined; lastKnownFileType = unknown; explicitFileType = undefined; includeInIndex = 0; };
		577AC9E3879F43699493089C /* Oswald-Bold.ttf */ = {isa = PBXFileReference; name = "Oswald-Bold.ttf"; path = "../src/assets/fonts/Oswald-Bold.ttf"; sourceTree = "<group>"; fileEncoding = undefined; lastKnownFileType = unknown; explicitFileType = undefined; includeInIndex = 0; };
		DB4D34FD2ACA478EB9D2A27F /* RobotoSlab-ExtraBold.ttf */ = {isa = PBXFileReference; name = "RobotoSlab-ExtraBold.ttf"; path = "../src/assets/fonts/RobotoSlab-ExtraBold.ttf"; sourceTree = "<group>"; fileEncoding = undefined; lastKnownFileType = unknown; explicitFileType = undefined; includeInIndex = 0; };
		DB345EEB2C794E85860C9F9C /* RobotoSlab-Thin.ttf */ = {isa = PBXFileReference; name = "RobotoSlab-Thin.ttf"; path = "../src/assets/fonts/RobotoSlab-Thin.ttf"; sourceTree = "<group>"; fileEncoding = undefined; lastKnownFileType = unknown; explicitFileType = undefined; includeInIndex = 0; };
		91CBA3021C0A4689B35F2FFD /* Oswald-SemiBold.ttf */ = {isa = PBXFileReference; name = "Oswald-SemiBold.ttf"; path = "../src/assets/fonts/Oswald-SemiBold.ttf"; sourceTree = "<group>"; fileEncoding = undefined; lastKnownFileType = unknown; explicitFileType = undefined; includeInIndex = 0; };
		737363385B6A42B2B8F36D97 /* RobotoSlab-Black.ttf */ = {isa = PBXFileReference; name = "RobotoSlab-Black.ttf"; path = "../src/assets/fonts/RobotoSlab-Black.ttf"; sourceTree = "<group>"; fileEncoding = undefined; lastKnownFileType = unknown; explicitFileType = undefined; includeInIndex = 0; };
		037FE5B36F3A4F259329DA19 /* Oswald-Medium.ttf */ = {isa = PBXFileReference; name = "Oswald-Medium.ttf"; path = "../src/assets/fonts/Oswald-Medium.ttf"; sourceTree = "<group>"; fileEncoding = undefined; lastKnownFileType = unknown; explicitFileType = undefined; includeInIndex = 0; };
		E46124C352E64B65A24907DB /* Inter-Bold.ttf */ = {isa = PBXFileReference; name = "Inter-Bold.ttf"; path = "../src/assets/fonts/Inter-Bold.ttf"; sourceTree = "<group>"; fileEncoding = undefined; lastKnownFileType = unknown; explicitFileType = undefined; includeInIndex = 0; };
		3D02BD2684B54CA68C2E9583 /* Inter-Regular.ttf */ = {isa = PBXFileReference; name = "Inter-Regular.ttf"; path = "../src/assets/fonts/Inter-Regular.ttf"; sourceTree = "<group>"; fileEncoding = undefined; lastKnownFileType = unknown; explicitFileType = undefined; includeInIndex = 0; };
		65980655CC1E4861885B6572 /* RobotoSlab-Bold.ttf */ = {isa = PBXFileReference; name = "RobotoSlab-Bold.ttf"; path = "../src/assets/fonts/RobotoSlab-Bold.ttf"; sourceTree = "<group>"; fileEncoding = undefined; lastKnownFileType = unknown; explicitFileType = undefined; includeInIndex = 0; };
		23174D2953CD4EFCAAB0B7C5 /* Oswald-Regular.ttf */ = {isa = PBXFileReference; name = "Oswald-Regular.ttf"; path = "../src/assets/fonts/Oswald-Regular.ttf"; sourceTree = "<group>"; fileEncoding = undefined; lastKnownFileType = unknown; explicitFileType = undefined; includeInIndex = 0; };
		D536FF1D8E564795A62D146A /* Inter-ExtraBold.ttf */ = {isa = PBXFileReference; name = "Inter-ExtraBold.ttf"; path = "../src/assets/fonts/Inter-ExtraBold.ttf"; sourceTree = "<group>"; fileEncoding = undefined; lastKnownFileType = unknown; explicitFileType = undefined; includeInIndex = 0; };
		BEB918EDEE194F8E84008528 /* RobotoSlab-Light.ttf */ = {isa = PBXFileReference; name = "RobotoSlab-Light.ttf"; path = "../src/assets/fonts/RobotoSlab-Light.ttf"; sourceTree = "<group>"; fileEncoding = undefined; lastKnownFileType = unknown; explicitFileType = undefined; includeInIndex = 0; };
		5FE2191D56D9447F9A90AB4B /* Inter-Black.ttf */ = {isa = PBXFileReference; name = "Inter-Black.ttf"; path = "../src/assets/fonts/Inter-Black.ttf"; sourceTree = "<group>"; fileEncoding = undefined; lastKnownFileType = unknown; explicitFileType = undefined; includeInIndex = 0; };
		4137683CA3B7447C88395B99 /* RobotoSlab-ExtraLight.ttf */ = {isa = PBXFileReference; name = "RobotoSlab-ExtraLight.ttf"; path = "../src/assets/fonts/RobotoSlab-ExtraLight.ttf"; sourceTree = "<group>"; fileEncoding = undefined; lastKnownFileType = unknown; explicitFileType = undefined; includeInIndex = 0; };
		A3B3886D34CA4896BF4FDF99 /* Oswald-ExtraLight.ttf */ = {isa = PBXFileReference; name = "Oswald-ExtraLight.ttf"; path = "../src/assets/fonts/Oswald-ExtraLight.ttf"; sourceTree = "<group>"; fileEncoding = undefined; lastKnownFileType = unknown; explicitFileType = undefined; includeInIndex = 0; };
		37AF12D67CA145D8B3C92ED0 /* Inter-SemiBold.ttf */ = {isa = PBXFileReference; name = "Inter-SemiBold.ttf"; path = "../src/assets/fonts/Inter-SemiBold.ttf"; sourceTree = "<group>"; fileEncoding = undefined; lastKnownFileType = unknown; explicitFileType = undefined; includeInIndex = 0; };
		DA733F8ED54945B588C6B3AF /* RobotoSlab-Regular.ttf */ = {isa = PBXFileReference; name = "RobotoSlab-Regular.ttf"; path = "../src/assets/fonts/RobotoSlab-Regular.ttf"; sourceTree = "<group>"; fileEncoding = undefined; lastKnownFileType = unknown; explicitFileType = undefined; includeInIndex = 0; };
		F090CE3E7A87405094A8F83F /* Oswald-Light.ttf */ = {isa = PBXFileReference; name = "Oswald-Light.ttf"; path = "../src/assets/fonts/Oswald-Light.ttf"; sourceTree = "<group>"; fileEncoding = undefined; lastKnownFileType = unknown; explicitFileType = undefined; includeInIndex = 0; };
/* End PBXFileReference section */

/* Begin PBXFrameworksBuildPhase section */
		13B07F8C1A680F5B00A75B9A /* Frameworks */ = {
			isa = PBXFrameworksBuildPhase;
			buildActionMask = 2147483647;
			files = (
				0C80B921A6F3F58F76C31292 /* libPods-App.a in Frameworks */,
			);
			runOnlyForDeploymentPostprocessing = 0;
		};
/* End PBXFrameworksBuildPhase section */

/* Begin PBXGroup section */
		13B07FAE1A68108700A75B9A /* App */ = {
			isa = PBXGroup;
			children = (
				13B07FB51A68108700A75B9A /* Images.xcassets */,
				761780EC2CA45674006654EE /* AppDelegate.swift */,
				13B07FB61A68108700A75B9A /* Info.plist */,
				81AB9BB72411601600AC10FF /* LaunchScreen.storyboard */,
				13B07FB81A68108700A75B9A /* PrivacyInfo.xcprivacy */,
			);
			name = App;
			sourceTree = "<group>";
		};
		2D16E6871FA4F8E400B85C8A /* Frameworks */ = {
			isa = PBXGroup;
			children = (
				ED297162215061F000B7C4FE /* JavaScriptCore.framework */,
				5DCACB8F33CDC322A6C60F78 /* libPods-App.a */,
			);
			name = Frameworks;
			sourceTree = "<group>";
		};
		832341AE1AAA6A7D00B99B32 /* Libraries */ = {
			isa = PBXGroup;
			children = (
			);
			name = Libraries;
			sourceTree = "<group>";
		};
		83CBB9F61A601CBA00E9B192 = {
			isa = PBXGroup;
			children = (
				13B07FAE1A68108700A75B9A /* App */,
				832341AE1AAA6A7D00B99B32 /* Libraries */,
				83CBBA001A601CBA00E9B192 /* Products */,
				2D16E6871FA4F8E400B85C8A /* Frameworks */,
				BBD78D7AC51CEA395F1C20DB /* Pods */,
				612C8D147E4146B69FD32698 /* Resources */,
			);
			indentWidth = 2;
			sourceTree = "<group>";
			tabWidth = 2;
			usesTabs = 0;
		};
		83CBBA001A601CBA00E9B192 /* Products */ = {
			isa = PBXGroup;
			children = (
				13B07F961A680F5B00A75B9A /* App.app */,
			);
			name = Products;
			sourceTree = "<group>";
		};
		BBD78D7AC51CEA395F1C20DB /* Pods */ = {
			isa = PBXGroup;
			children = (
				3B4392A12AC88292D35C810B /* Pods-App.debug.xcconfig */,
				5709B34CF0A7D63546082F79 /* Pods-App.release.xcconfig */,
			);
			path = Pods;
			sourceTree = "<group>";
		};
		612C8D147E4146B69FD32698 /* Resources */ = {
			isa = "PBXGroup";
			children = (
				B0FB132F9965476DA4ACE30B /* RobotoSlab-Medium.ttf */,
				7923F4F5FAC84A2EA4263631 /* Inter-Medium.ttf */,
				AF5A76296EA242EEB7A50E34 /* RobotoSlab-SemiBold.ttf */,
				577AC9E3879F43699493089C /* Oswald-Bold.ttf */,
				DB4D34FD2ACA478EB9D2A27F /* RobotoSlab-ExtraBold.ttf */,
				DB345EEB2C794E85860C9F9C /* RobotoSlab-Thin.ttf */,
				91CBA3021C0A4689B35F2FFD /* Oswald-SemiBold.ttf */,
				737363385B6A42B2B8F36D97 /* RobotoSlab-Black.ttf */,
				037FE5B36F3A4F259329DA19 /* Oswald-Medium.ttf */,
				E46124C352E64B65A24907DB /* Inter-Bold.ttf */,
				3D02BD2684B54CA68C2E9583 /* Inter-Regular.ttf */,
				65980655CC1E4861885B6572 /* RobotoSlab-Bold.ttf */,
				23174D2953CD4EFCAAB0B7C5 /* Oswald-Regular.ttf */,
				D536FF1D8E564795A62D146A /* Inter-ExtraBold.ttf */,
				BEB918EDEE194F8E84008528 /* RobotoSlab-Light.ttf */,
				5FE2191D56D9447F9A90AB4B /* Inter-Black.ttf */,
				4137683CA3B7447C88395B99 /* RobotoSlab-ExtraLight.ttf */,
				A3B3886D34CA4896BF4FDF99 /* Oswald-ExtraLight.ttf */,
				37AF12D67CA145D8B3C92ED0 /* Inter-SemiBold.ttf */,
				DA733F8ED54945B588C6B3AF /* RobotoSlab-Regular.ttf */,
				F090CE3E7A87405094A8F83F /* Oswald-Light.ttf */,
			);
			name = Resources;
			sourceTree = "<group>";
			path = "";
		};
/* End PBXGroup section */

/* Begin PBXNativeTarget section */
		13B07F861A680F5B00A75B9A /* App */ = {
			isa = PBXNativeTarget;
			buildConfigurationList = 13B07F931A680F5B00A75B9A /* Build configuration list for PBXNativeTarget "App" */;
			buildPhases = (
				C38B50BA6285516D6DCD4F65 /* [CP] Check Pods Manifest.lock */,
				13B07F871A680F5B00A75B9A /* Sources */,
				13B07F8C1A680F5B00A75B9A /* Frameworks */,
				13B07F8E1A680F5B00A75B9A /* Resources */,
				00DD1BFF1BD5951E006B06BC /* Bundle React Native code and images */,
				00EEFC60759A1932668264C0 /* [CP] Embed Pods Frameworks */,
				E235C05ADACE081382539298 /* [CP] Copy Pods Resources */,
			);
			buildRules = (
			);
			dependencies = (
			);
			name = App;
			productName = App;
			productReference = 13B07F961A680F5B00A75B9A /* App.app */;
			productType = "com.apple.product-type.application";
		};
/* End PBXNativeTarget section */

/* Begin PBXProject section */
		83CBB9F71A601CBA00E9B192 /* Project object */ = {
			isa = PBXProject;
			attributes = {
				LastUpgradeCheck = 1210;
				TargetAttributes = {
					13B07F861A680F5B00A75B9A = {
						LastSwiftMigration = 1120;
					};
				};
			};
			buildConfigurationList = 83CBB9FA1A601CBA00E9B192 /* Build configuration list for PBXProject "App" */;
			compatibilityVersion = "Xcode 12.0";
			developmentRegion = en;
			hasScannedForEncodings = 0;
			knownRegions = (
				en,
				Base,
			);
			mainGroup = 83CBB9F61A601CBA00E9B192;
			productRefGroup = 83CBBA001A601CBA00E9B192 /* Products */;
			projectDirPath = "";
			projectRoot = "";
			targets = (
				13B07F861A680F5B00A75B9A /* App */,
			);
		};
/* End PBXProject section */

/* Begin PBXResourcesBuildPhase section */
		13B07F8E1A680F5B00A75B9A /* Resources */ = {
			isa = PBXResourcesBuildPhase;
			buildActionMask = 2147483647;
			files = (
				81AB9BB82411601600AC10FF /* LaunchScreen.storyboard in Resources */,
				13B07FBF1A68108700A75B9A /* Images.xcassets in Resources */,
				9DF9CF973AB33A3581E46555 /* PrivacyInfo.xcprivacy in Resources */,
				D6260AD5D9AF4AEDA3ECF101 /* RobotoSlab-Medium.ttf in Resources */,
				B42B18C6ACE349CD905DDF14 /* Inter-Medium.ttf in Resources */,
				B211BCA587044151BB7E17B0 /* RobotoSlab-SemiBold.ttf in Resources */,
				FEAC328E6A434706BB2F6A7D /* Oswald-Bold.ttf in Resources */,
				7E4EEE28684D4164B50874D3 /* RobotoSlab-ExtraBold.ttf in Resources */,
				D59411A8BCEF46F9A352EA88 /* RobotoSlab-Thin.ttf in Resources */,
				563DCF7E31BC47FC81313ADC /* Oswald-SemiBold.ttf in Resources */,
				7D529395B23A4C57BBC709CA /* RobotoSlab-Black.ttf in Resources */,
				BDB44D44EEA74877813B8316 /* Oswald-Medium.ttf in Resources */,
				6DBBD825FED64042A495E780 /* Inter-Bold.ttf in Resources */,
				1EB91F55B3984E26A9B787EF /* Inter-Regular.ttf in Resources */,
				588898FF1772436AB7125D42 /* RobotoSlab-Bold.ttf in Resources */,
				0E028E1B74224B2DBF76A765 /* Oswald-Regular.ttf in Resources */,
				C453084C730643FA906D37C3 /* Inter-ExtraBold.ttf in Resources */,
				0FE82330CAF9468CAFEA948F /* RobotoSlab-Light.ttf in Resources */,
				924C9BC390AB4316895D770B /* Inter-Black.ttf in Resources */,
				FC3BB818B9DF4A93AF2C79B9 /* RobotoSlab-ExtraLight.ttf in Resources */,
				14004CB8FFD44D11855C560B /* Oswald-ExtraLight.ttf in Resources */,
				F71943447FE84ABA8E083BC6 /* Inter-SemiBold.ttf in Resources */,
				1F0BE81345A947378246B4AA /* RobotoSlab-Regular.ttf in Resources */,
				53FE81A3FE41434081008800 /* Oswald-Light.ttf in Resources */,
			);
			runOnlyForDeploymentPostprocessing = 0;
		};
/* End PBXResourcesBuildPhase section */

/* Begin PBXShellScriptBuildPhase section */
		00DD1BFF1BD5951E006B06BC /* Bundle React Native code and images */ = {
			isa = PBXShellScriptBuildPhase;
			buildActionMask = 2147483647;
			files = (
			);
			inputPaths = (
				"$(SRCROOT)/.xcode.env.local",
				"$(SRCROOT)/.xcode.env",
			);
			name = "Bundle React Native code and images";
			outputPaths = (
			);
			runOnlyForDeploymentPostprocessing = 0;
			shellPath = /bin/sh;
			shellScript = "set -e\n\nWITH_ENVIRONMENT=\"$REACT_NATIVE_PATH/scripts/xcode/with-environment.sh\"\nREACT_NATIVE_XCODE=\"$REACT_NATIVE_PATH/scripts/react-native-xcode.sh\"\n\n/bin/sh -c \"\\\"$WITH_ENVIRONMENT\\\" \\\"$REACT_NATIVE_XCODE\\\"\"\n";
		};
		00EEFC60759A1932668264C0 /* [CP] Embed Pods Frameworks */ = {
			isa = PBXShellScriptBuildPhase;
			buildActionMask = 2147483647;
			files = (
			);
			inputFileListPaths = (
				"${PODS_ROOT}/Target Support Files/Pods-App/Pods-App-frameworks-${CONFIGURATION}-input-files.xcfilelist",
			);
			name = "[CP] Embed Pods Frameworks";
			outputFileListPaths = (
				"${PODS_ROOT}/Target Support Files/Pods-App/Pods-App-frameworks-${CONFIGURATION}-output-files.xcfilelist",
			);
			runOnlyForDeploymentPostprocessing = 0;
			shellPath = /bin/sh;
			shellScript = "\"${PODS_ROOT}/Target Support Files/Pods-App/Pods-App-frameworks.sh\"\n";
			showEnvVarsInLog = 0;
		};
		C38B50BA6285516D6DCD4F65 /* [CP] Check Pods Manifest.lock */ = {
			isa = PBXShellScriptBuildPhase;
			buildActionMask = 2147483647;
			files = (
			);
			inputFileListPaths = (
			);
			inputPaths = (
				"${PODS_PODFILE_DIR_PATH}/Podfile.lock",
				"${PODS_ROOT}/Manifest.lock",
			);
			name = "[CP] Check Pods Manifest.lock";
			outputFileListPaths = (
			);
			outputPaths = (
				"$(DERIVED_FILE_DIR)/Pods-App-checkManifestLockResult.txt",
			);
			runOnlyForDeploymentPostprocessing = 0;
			shellPath = /bin/sh;
			shellScript = "diff \"${PODS_PODFILE_DIR_PATH}/Podfile.lock\" \"${PODS_ROOT}/Manifest.lock\" > /dev/null\nif [ $? != 0 ] ; then\n    # print error to STDERR\n    echo \"error: The sandbox is not in sync with the Podfile.lock. Run 'pod install' or update your CocoaPods installation.\" >&2\n    exit 1\nfi\n# This output is used by Xcode 'outputs' to avoid re-running this script phase.\necho \"SUCCESS\" > \"${SCRIPT_OUTPUT_FILE_0}\"\n";
			showEnvVarsInLog = 0;
		};
		E235C05ADACE081382539298 /* [CP] Copy Pods Resources */ = {
			isa = PBXShellScriptBuildPhase;
			buildActionMask = 2147483647;
			files = (
			);
			inputFileListPaths = (
				"${PODS_ROOT}/Target Support Files/Pods-App/Pods-App-resources-${CONFIGURATION}-input-files.xcfilelist",
			);
			name = "[CP] Copy Pods Resources";
			outputFileListPaths = (
				"${PODS_ROOT}/Target Support Files/Pods-App/Pods-App-resources-${CONFIGURATION}-output-files.xcfilelist",
			);
			runOnlyForDeploymentPostprocessing = 0;
			shellPath = /bin/sh;
			shellScript = "\"${PODS_ROOT}/Target Support Files/Pods-App/Pods-App-resources.sh\"\n";
			showEnvVarsInLog = 0;
		};
/* End PBXShellScriptBuildPhase section */

/* Begin PBXSourcesBuildPhase section */
		13B07F871A680F5B00A75B9A /* Sources */ = {
			isa = PBXSourcesBuildPhase;
			buildActionMask = 2147483647;
			files = (
				761780ED2CA45674006654EE /* AppDelegate.swift in Sources */,
			);
			runOnlyForDeploymentPostprocessing = 0;
		};
/* End PBXSourcesBuildPhase section */

/* Begin XCBuildConfiguration section */
		13B07F941A680F5B00A75B9A /* Debug */ = {
			isa = XCBuildConfiguration;
			baseConfigurationReference = 3B4392A12AC88292D35C810B /* Pods-App.debug.xcconfig */;
			buildSettings = {
				ASSETCATALOG_COMPILER_APPICON_NAME = AppIcon;
				CLANG_ENABLE_MODULES = YES;
				CURRENT_PROJECT_VERSION = 1;
				ENABLE_BITCODE = NO;
				INFOPLIST_FILE = App/Info.plist;
				IPHONEOS_DEPLOYMENT_TARGET = 15.1;
				LD_RUNPATH_SEARCH_PATHS = (
					"$(inherited)",
					"@executable_path/Frameworks",
				);
				MARKETING_VERSION = 1.0;
				OTHER_LDFLAGS = (
					"$(inherited)",
					"-ObjC",
					"-lc++",
				);
				PRODUCT_BUNDLE_IDENTIFIER = "org.reactjs.native.example.$(PRODUCT_NAME:rfc1034identifier)";
				PRODUCT_NAME = App;
				SUPPORTED_PLATFORMS = "iphoneos iphonesimulator";
				SWIFT_OPTIMIZATION_LEVEL = "-Onone";
				SWIFT_VERSION = 5.0;
				TARGETED_DEVICE_FAMILY = "1,2";
				VERSIONING_SYSTEM = "apple-generic";
			};
			name = Debug;
		};
		13B07F951A680F5B00A75B9A /* Release */ = {
			isa = XCBuildConfiguration;
			baseConfigurationReference = 5709B34CF0A7D63546082F79 /* Pods-App.release.xcconfig */;
			buildSettings = {
				ASSETCATALOG_COMPILER_APPICON_NAME = AppIcon;
				CLANG_ENABLE_MODULES = YES;
				CURRENT_PROJECT_VERSION = 1;
				INFOPLIST_FILE = App/Info.plist;
				IPHONEOS_DEPLOYMENT_TARGET = 15.1;
				LD_RUNPATH_SEARCH_PATHS = (
					"$(inherited)",
					"@executable_path/Frameworks",
				);
				MARKETING_VERSION = 1.0;
				OTHER_LDFLAGS = (
					"$(inherited)",
					"-ObjC",
					"-lc++",
				);
				PRODUCT_BUNDLE_IDENTIFIER = "org.reactjs.native.example.$(PRODUCT_NAME:rfc1034identifier)";
				PRODUCT_NAME = App;
				SUPPORTED_PLATFORMS = "iphoneos iphonesimulator";
				SWIFT_VERSION = 5.0;
				TARGETED_DEVICE_FAMILY = "1,2";
				VERSIONING_SYSTEM = "apple-generic";
			};
			name = Release;
		};
		83CBBA201A601CBA00E9B192 /* Debug */ = {
			isa = XCBuildConfiguration;
			buildSettings = {
				ALWAYS_SEARCH_USER_PATHS = NO;
				CLANG_ANALYZER_LOCALIZABILITY_NONLOCALIZED = YES;
				CLANG_CXX_LANGUAGE_STANDARD = "c++20";
				CLANG_CXX_LIBRARY = "libc++";
				CLANG_ENABLE_MODULES = YES;
				CLANG_ENABLE_OBJC_ARC = YES;
				CLANG_WARN_BLOCK_CAPTURE_AUTORELEASING = YES;
				CLANG_WARN_BOOL_CONVERSION = YES;
				CLANG_WARN_COMMA = YES;
				CLANG_WARN_CONSTANT_CONVERSION = YES;
				CLANG_WARN_DEPRECATED_OBJC_IMPLEMENTATIONS = YES;
				CLANG_WARN_DIRECT_OBJC_ISA_USAGE = YES_ERROR;
				CLANG_WARN_EMPTY_BODY = YES;
				CLANG_WARN_ENUM_CONVERSION = YES;
				CLANG_WARN_INFINITE_RECURSION = YES;
				CLANG_WARN_INT_CONVERSION = YES;
				CLANG_WARN_NON_LITERAL_NULL_CONVERSION = YES;
				CLANG_WARN_OBJC_IMPLICIT_RETAIN_SELF = YES;
				CLANG_WARN_OBJC_LITERAL_CONVERSION = YES;
				CLANG_WARN_OBJC_ROOT_CLASS = YES_ERROR;
				CLANG_WARN_QUOTED_INCLUDE_IN_FRAMEWORK_HEADER = YES;
				CLANG_WARN_RANGE_LOOP_ANALYSIS = YES;
				CLANG_WARN_STRICT_PROTOTYPES = YES;
				CLANG_WARN_SUSPICIOUS_MOVE = YES;
				CLANG_WARN_UNREACHABLE_CODE = YES;
				CLANG_WARN__DUPLICATE_METHOD_MATCH = YES;
				"CODE_SIGN_IDENTITY[sdk=iphoneos*]" = "iPhone Developer";
				COPY_PHASE_STRIP = NO;
				ENABLE_STRICT_OBJC_MSGSEND = YES;
				ENABLE_TESTABILITY = YES;
				"EXCLUDED_ARCHS[sdk=iphonesimulator*]" = "";
				GCC_C_LANGUAGE_STANDARD = gnu99;
				GCC_DYNAMIC_NO_PIC = NO;
				GCC_NO_COMMON_BLOCKS = YES;
				GCC_OPTIMIZATION_LEVEL = 0;
				GCC_PREPROCESSOR_DEFINITIONS = (
					"DEBUG=1",
					"$(inherited)",
				);
				GCC_SYMBOLS_PRIVATE_EXTERN = NO;
				GCC_WARN_64_TO_32_BIT_CONVERSION = YES;
				GCC_WARN_ABOUT_RETURN_TYPE = YES_ERROR;
				GCC_WARN_UNDECLARED_SELECTOR = YES;
				GCC_WARN_UNINITIALIZED_AUTOS = YES_AGGRESSIVE;
				GCC_WARN_UNUSED_FUNCTION = YES;
				GCC_WARN_UNUSED_VARIABLE = YES;
				IPHONEOS_DEPLOYMENT_TARGET = 15.1;
				LD_RUNPATH_SEARCH_PATHS = (
					/usr/lib/swift,
					"$(inherited)",
				);
				LIBRARY_SEARCH_PATHS = (
					"\"$(SDKROOT)/usr/lib/swift\"",
					"\"$(TOOLCHAIN_DIR)/usr/lib/swift/$(PLATFORM_NAME)\"",
					"\"$(inherited)\"",
				);
				MTL_ENABLE_DEBUG_INFO = YES;
				ONLY_ACTIVE_ARCH = YES;
				OTHER_CFLAGS = (
					"$(inherited)",
					"-DRCT_REMOVE_LEGACY_ARCH=1",
				);
				OTHER_CPLUSPLUSFLAGS = (
					"$(OTHER_CFLAGS)",
					"-DFOLLY_NO_CONFIG",
					"-DFOLLY_MOBILE=1",
					"-DFOLLY_USE_LIBCPP=1",
					"-DFOLLY_CFG_NO_COROUTINES=1",
					"-DFOLLY_HAVE_CLOCK_GETTIME=1",
					"-DRCT_REMOVE_LEGACY_ARCH=1",
				);
				PODFILE_DIR = "$(SRCROOT)";
				REACT_NATIVE_PATH = "${PODS_ROOT}/../../node_modules/react-native";
				SDKROOT = iphoneos;
				SWIFT_ACTIVE_COMPILATION_CONDITIONS = "$(inherited) DEBUG";
				USE_HERMES = true;
			};
			name = Debug;
		};
		83CBBA211A601CBA00E9B192 /* Release */ = {
			isa = XCBuildConfiguration;
			buildSettings = {
				ALWAYS_SEARCH_USER_PATHS = NO;
				CLANG_ANALYZER_LOCALIZABILITY_NONLOCALIZED = YES;
				CLANG_CXX_LANGUAGE_STANDARD = "c++20";
				CLANG_CXX_LIBRARY = "libc++";
				CLANG_ENABLE_MODULES = YES;
				CLANG_ENABLE_OBJC_ARC = YES;
				CLANG_WARN_BLOCK_CAPTURE_AUTORELEASING = YES;
				CLANG_WARN_BOOL_CONVERSION = YES;
				CLANG_WARN_COMMA = YES;
				CLANG_WARN_CONSTANT_CONVERSION = YES;
				CLANG_WARN_DEPRECATED_OBJC_IMPLEMENTATIONS = YES;
				CLANG_WARN_DIRECT_OBJC_ISA_USAGE = YES_ERROR;
				CLANG_WARN_EMPTY_BODY = YES;
				CLANG_WARN_ENUM_CONVERSION = YES;
				CLANG_WARN_INFINITE_RECURSION = YES;
				CLANG_WARN_INT_CONVERSION = YES;
				CLANG_WARN_NON_LITERAL_NULL_CONVERSION = YES;
				CLANG_WARN_OBJC_IMPLICIT_RETAIN_SELF = YES;
				CLANG_WARN_OBJC_LITERAL_CONVERSION = YES;
				CLANG_WARN_OBJC_ROOT_CLASS = YES_ERROR;
				CLANG_WARN_QUOTED_INCLUDE_IN_FRAMEWORK_HEADER = YES;
				CLANG_WARN_RANGE_LOOP_ANALYSIS = YES;
				CLANG_WARN_STRICT_PROTOTYPES = YES;
				CLANG_WARN_SUSPICIOUS_MOVE = YES;
				CLANG_WARN_UNREACHABLE_CODE = YES;
				CLANG_WARN__DUPLICATE_METHOD_MATCH = YES;
				"CODE_SIGN_IDENTITY[sdk=iphoneos*]" = "iPhone Developer";
				COPY_PHASE_STRIP = YES;
				ENABLE_NS_ASSERTIONS = NO;
				ENABLE_STRICT_OBJC_MSGSEND = YES;
				"EXCLUDED_ARCHS[sdk=iphonesimulator*]" = "";
				GCC_C_LANGUAGE_STANDARD = gnu99;
				GCC_NO_COMMON_BLOCKS = YES;
				GCC_WARN_64_TO_32_BIT_CONVERSION = YES;
				GCC_WARN_ABOUT_RETURN_TYPE = YES_ERROR;
				GCC_WARN_UNDECLARED_SELECTOR = YES;
				GCC_WARN_UNINITIALIZED_AUTOS = YES_AGGRESSIVE;
				GCC_WARN_UNUSED_FUNCTION = YES;
				GCC_WARN_UNUSED_VARIABLE = YES;
				IPHONEOS_DEPLOYMENT_TARGET = 15.1;
				LD_RUNPATH_SEARCH_PATHS = (
					/usr/lib/swift,
					"$(inherited)",
				);
				LIBRARY_SEARCH_PATHS = (
					"\"$(SDKROOT)/usr/lib/swift\"",
					"\"$(TOOLCHAIN_DIR)/usr/lib/swift/$(PLATFORM_NAME)\"",
					"\"$(inherited)\"",
				);
				MTL_ENABLE_DEBUG_INFO = NO;
				OTHER_CFLAGS = (
					"$(inherited)",
					"-DRCT_REMOVE_LEGACY_ARCH=1",
				);
				OTHER_CPLUSPLUSFLAGS = (
					"$(OTHER_CFLAGS)",
					"-DFOLLY_NO_CONFIG",
					"-DFOLLY_MOBILE=1",
					"-DFOLLY_USE_LIBCPP=1",
					"-DFOLLY_CFG_NO_COROUTINES=1",
					"-DFOLLY_HAVE_CLOCK_GETTIME=1",
					"-DRCT_REMOVE_LEGACY_ARCH=1",
				);
				PODFILE_DIR = "$(SRCROOT)";
				REACT_NATIVE_PATH = "${PODS_ROOT}/../../node_modules/react-native";
				SDKROOT = iphoneos;
				USE_HERMES = true;
				VALIDATE_PRODUCT = YES;
			};
			name = Release;
		};
/* End XCBuildConfiguration section */

/* Begin XCConfigurationList section */
		13B07F931A680F5B00A75B9A /* Build configuration list for PBXNativeTarget "App" */ = {
			isa = XCConfigurationList;
			buildConfigurations = (
				13B07F941A680F5B00A75B9A /* Debug */,
				13B07F951A680F5B00A75B9A /* Release */,
			);
			defaultConfigurationIsVisible = 0;
			defaultConfigurationName = Release;
		};
		83CBB9FA1A601CBA00E9B192 /* Build configuration list for PBXProject "App" */ = {
			isa = XCConfigurationList;
			buildConfigurations = (
				83CBBA201A601CBA00E9B192 /* Debug */,
				83CBBA211A601CBA00E9B192 /* Release */,
			);
			defaultConfigurationIsVisible = 0;
			defaultConfigurationName = Release;
		};
/* End XCConfigurationList section */
	};
	rootObject = 83CBB9F71A601CBA00E9B192 /* Project object */;
}
